# THIS IS AN AUTOGENERATED FILE. DO NOT EDIT THIS FILE DIRECTLY.
# yarn lockfile v1


bser@^2.0.0:
  version "2.0.0"
  resolved "https://registry.yarnpkg.com/bser/-/bser-2.0.0.tgz#9ac78d3ed5d915804fd87acb158bc797147a1719"
  dependencies:
    node-int64 "^0.4.0"

commander@^2.18.0:
  version "2.18.0"
  resolved "https://registry.yarnpkg.com/commander/-/commander-2.18.0.tgz#2bf063ddee7c7891176981a2cc798e5754bc6970"

fb-watchman@^2.0.0:
  version "2.0.0"
  resolved "https://registry.yarnpkg.com/fb-watchman/-/fb-watchman-2.0.0.tgz#54e9abf7dfa2f26cd9b1636c588c1afc05de5d58"
  dependencies:
    bser "^2.0.0"

node-int64@^0.4.0:
  version "0.4.0"
  resolved "https://registry.yarnpkg.com/node-int64/-/node-int64-0.4.0.tgz#87a9065cdb355d3182d8f94ce11188b825c68a3b"
